
Microsoft Visual Studio Solution File, Format Version 12.00
# Visual Studio Version 16
VisualStudioVersion = 16.0.30907.101
MinimumVisualStudioVersion = 10.0.40219.1
Project("{FAE04EC0-301F-11D3-BF4B-00C04F79EFBC}") = "lab2", "lab2\lab2.csproj", "{A8E5E0F8-723E-4057-85CD-DD5ACC91FA30}"
EndProject
Global
	GlobalSection(SolutionConfigurationPlatforms) = preSolution
		Debug|Any CPU = Debug|Any CPU
		Release|Any CPU = Release|Any CPU
	EndGlobalSection
	GlobalSection(ProjectConfigurationPlatforms) = postSolution
		{A8E5E0F8-723E-4057-85CD-DD5ACC91FA30}.Debug|Any CPU.ActiveCfg = Debug|Any CPU
		{A8E5E0F8-723E-4057-85CD-DD5ACC91FA30}.Debug|Any CPU.Build.0 = Debug|Any CPU
		{A8E5E0F8-723E-4057-85CD-DD5ACC91FA30}.Release|Any CPU.ActiveCfg = Release|Any CPU
		{A8E5E0F8-723E-4057-85CD-DD5ACC91FA30}.Release|Any CPU.Build.0 = Release|Any CPU
	EndGlobalSection
	GlobalSection(SolutionProperties) = preSolution
		HideSolutionNode = FALSE
	EndGlobalSection
	GlobalSection(ExtensibilityGlobals) = postSolution
		SolutionGuid = {E9CA182B-2168-4D24-8C80-C5BB17703127}
	EndGlobalSection
EndGlobal
